
Microsoft Visual Studio Solution File, Format Version 12.00
# Visual Studio Version 16
VisualStudioVersion = 16.0.30104.148
MinimumVisualStudioVersion = 10.0.40219.1
Project("{FAE04EC0-301F-11D3-BF4B-00C04F79EFBC}") = "Practice 7", "Practice 7\Practice 7.csproj", "{D4354906-1E14-46D2-89F5-EFA3DD2C3572}"
EndProject
Project("{FAE04EC0-301F-11D3-BF4B-00C04F79EFBC}") = "UnitTestProject1", "UnitTestProject1\UnitTestProject1.csproj", "{452C7632-1380-4E5B-8FD5-ACC79416E999}"
EndProject
Global
	GlobalSection(SolutionConfigurationPlatforms) = preSolution
		Debug|Any CPU = Debug|Any CPU
		Release|Any CPU = Release|Any CPU
	EndGlobalSection
	GlobalSection(ProjectConfigurationPlatforms) = postSolution
		{D4354906-1E14-46D2-89F5-EFA3DD2C3572}.Debug|Any CPU.ActiveCfg = Debug|Any CPU
		{D4354906-1E14-46D2-89F5-EFA3DD2C3572}.Debug|Any CPU.Build.0 = Debug|Any CPU
		{D4354906-1E14-46D2-89F5-EFA3DD2C3572}.Release|Any CPU.ActiveCfg = Release|Any CPU
		{D4354906-1E14-46D2-89F5-EFA3DD2C3572}.Release|Any CPU.Build.0 = Release|Any CPU
		{452C7632-1380-4E5B-8FD5-ACC79416E999}.Debug|Any CPU.ActiveCfg = Debug|Any CPU
		{452C7632-1380-4E5B-8FD5-ACC79416E999}.Debug|Any CPU.Build.0 = Debug|Any CPU
		{452C7632-1380-4E5B-8FD5-ACC79416E999}.Release|Any CPU.ActiveCfg = Release|Any CPU
		{452C7632-1380-4E5B-8FD5-ACC79416E999}.Release|Any CPU.Build.0 = Release|Any CPU
	EndGlobalSection
	GlobalSection(SolutionProperties) = preSolution
		HideSolutionNode = FALSE
	EndGlobalSection
	GlobalSection(ExtensibilityGlobals) = postSolution
		SolutionGuid = {F5149ECD-5AB2-46EC-AA08-697E2956A285}
	EndGlobalSection
EndGlobal
