
Microsoft Visual Studio Solution File, Format Version 12.00
# Visual Studio Version 16
VisualStudioVersion = 16.0.30104.148
MinimumVisualStudioVersion = 10.0.40219.1
Project("{FAE04EC0-301F-11D3-BF4B-00C04F79EFBC}") = "Practice 9", "Practice 9\Practice 9.csproj", "{D37B586C-13A9-4F7F-969A-345DA21855F1}"
EndProject
Global
	GlobalSection(SolutionConfigurationPlatforms) = preSolution
		Debug|Any CPU = Debug|Any CPU
		Release|Any CPU = Release|Any CPU
	EndGlobalSection
	GlobalSection(ProjectConfigurationPlatforms) = postSolution
		{D37B586C-13A9-4F7F-969A-345DA21855F1}.Debug|Any CPU.ActiveCfg = Debug|Any CPU
		{D37B586C-13A9-4F7F-969A-345DA21855F1}.Debug|Any CPU.Build.0 = Debug|Any CPU
		{D37B586C-13A9-4F7F-969A-345DA21855F1}.Release|Any CPU.ActiveCfg = Release|Any CPU
		{D37B586C-13A9-4F7F-969A-345DA21855F1}.Release|Any CPU.Build.0 = Release|Any CPU
	EndGlobalSection
	GlobalSection(SolutionProperties) = preSolution
		HideSolutionNode = FALSE
	EndGlobalSection
	GlobalSection(ExtensibilityGlobals) = postSolution
		SolutionGuid = {AC6F744D-2C49-4140-A572-F61EBCC05588}
	EndGlobalSection
EndGlobal
