
Microsoft Visual Studio Solution File, Format Version 12.00
# Visual Studio Version 16
VisualStudioVersion = 16.0.30104.148
MinimumVisualStudioVersion = 10.0.40219.1
Project("{FAE04EC0-301F-11D3-BF4B-00C04F79EFBC}") = "Practice 12", "Practice 12\Practice 12.csproj", "{D470D78E-8922-43AD-8323-1BAE3E2FBC5B}"
EndProject
Global
	GlobalSection(SolutionConfigurationPlatforms) = preSolution
		Debug|Any CPU = Debug|Any CPU
		Release|Any CPU = Release|Any CPU
	EndGlobalSection
	GlobalSection(ProjectConfigurationPlatforms) = postSolution
		{D470D78E-8922-43AD-8323-1BAE3E2FBC5B}.Debug|Any CPU.ActiveCfg = Debug|Any CPU
		{D470D78E-8922-43AD-8323-1BAE3E2FBC5B}.Debug|Any CPU.Build.0 = Debug|Any CPU
		{D470D78E-8922-43AD-8323-1BAE3E2FBC5B}.Release|Any CPU.ActiveCfg = Release|Any CPU
		{D470D78E-8922-43AD-8323-1BAE3E2FBC5B}.Release|Any CPU.Build.0 = Release|Any CPU
	EndGlobalSection
	GlobalSection(SolutionProperties) = preSolution
		HideSolutionNode = FALSE
	EndGlobalSection
	GlobalSection(ExtensibilityGlobals) = postSolution
		SolutionGuid = {55FDE7D8-FDAF-4127-A162-99A395C2FB8B}
	EndGlobalSection
EndGlobal
